
Microsoft Visual Studio Solution File, Format Version 12.00
# Visual Studio Version 17
VisualStudioVersion = 17.4.33205.214
MinimumVisualStudioVersion = 10.0.40219.1
Project("{9A19103F-16F7-4668-BE54-9A1E7A4F7556}") = "asymmetricEncryption", "asymetricEncryption\asymmetricEncryption.csproj", "{766BC5DC-2922-46E8-AA80-4C7461B51BED}"
EndProject
Global
	GlobalSection(SolutionConfigurationPlatforms) = preSolution
		Debug|Any CPU = Debug|Any CPU
		Release|Any CPU = Release|Any CPU
	EndGlobalSection
	GlobalSection(ProjectConfigurationPlatforms) = postSolution
		{766BC5DC-2922-46E8-AA80-4C7461B51BED}.Debug|Any CPU.ActiveCfg = Debug|Any CPU
		{766BC5DC-2922-46E8-AA80-4C7461B51BED}.Debug|Any CPU.Build.0 = Debug|Any CPU
		{766BC5DC-2922-46E8-AA80-4C7461B51BED}.Release|Any CPU.ActiveCfg = Release|Any CPU
		{766BC5DC-2922-46E8-AA80-4C7461B51BED}.Release|Any CPU.Build.0 = Release|Any CPU
	EndGlobalSection
	GlobalSection(SolutionProperties) = preSolution
		HideSolutionNode = FALSE
	EndGlobalSection
	GlobalSection(ExtensibilityGlobals) = postSolution
		SolutionGuid = {7849E46A-08C9-469E-B46E-1DC0B9714282}
	EndGlobalSection
EndGlobal
